
Microsoft Visual Studio Solution File, Format Version 12.00
# Visual Studio Version 16
VisualStudioVersion = 16.0.30803.129
MinimumVisualStudioVersion = 10.0.40219.1
Project("{9A19103F-16F7-4668-BE54-9A1E7A4F7556}") = "RoverController", "RoverController\RoverController.csproj", "{B400A52F-C22A-4F11-A5B0-EE0326173FD6}"
EndProject
Project("{2150E333-8FDC-42A3-9474-1A3956D46DE8}") = "Solution Items", "Solution Items", "{BB05DE09-48E4-43FE-95AF-9E0E7FDA7539}"
	ProjectSection(SolutionItems) = preProject
		README.md = README.md
	EndProjectSection
EndProject
Project("{9A19103F-16F7-4668-BE54-9A1E7A4F7556}") = "RoverController.Tests", "RoverController.Tests\RoverController.Tests.csproj", "{12B1D5A1-26BE-4A9D-BF25-DB14E338E50A}"
EndProject
Global
	GlobalSection(SolutionConfigurationPlatforms) = preSolution
		Debug|Any CPU = Debug|Any CPU
		Release|Any CPU = Release|Any CPU
	EndGlobalSection
	GlobalSection(ProjectConfigurationPlatforms) = postSolution
		{B400A52F-C22A-4F11-A5B0-EE0326173FD6}.Debug|Any CPU.ActiveCfg = Debug|Any CPU
		{B400A52F-C22A-4F11-A5B0-EE0326173FD6}.Debug|Any CPU.Build.0 = Debug|Any CPU
		{B400A52F-C22A-4F11-A5B0-EE0326173FD6}.Release|Any CPU.ActiveCfg = Release|Any CPU
		{B400A52F-C22A-4F11-A5B0-EE0326173FD6}.Release|Any CPU.Build.0 = Release|Any CPU
		{12B1D5A1-26BE-4A9D-BF25-DB14E338E50A}.Debug|Any CPU.ActiveCfg = Debug|Any CPU
		{12B1D5A1-26BE-4A9D-BF25-DB14E338E50A}.Debug|Any CPU.Build.0 = Debug|Any CPU
		{12B1D5A1-26BE-4A9D-BF25-DB14E338E50A}.Release|Any CPU.ActiveCfg = Release|Any CPU
		{12B1D5A1-26BE-4A9D-BF25-DB14E338E50A}.Release|Any CPU.Build.0 = Release|Any CPU
	EndGlobalSection
	GlobalSection(SolutionProperties) = preSolution
		HideSolutionNode = FALSE
	EndGlobalSection
	GlobalSection(ExtensibilityGlobals) = postSolution
		SolutionGuid = {1FEB3FC1-3FF0-42AF-BA7B-5A1F850AE01E}
	EndGlobalSection
EndGlobal
